// !$*UTF8*$!
{
	archiveVersion = 1;
	classes = {
	};
	objectVersion = 50;
	objects = {

/* Begin PBXBuildFile section */
		49D3DB22238F1345006D9740 /* AppDelegate.swift in Sources */ = {isa = PBXBuildFile; fileRef = 49D3DB21238F1345006D9740 /* AppDelegate.swift */; };
		49D3DB24238F1345006D9740 /* SceneDelegate.swift in Sources */ = {isa = PBXBuildFile; fileRef = 49D3DB23238F1345006D9740 /* SceneDelegate.swift */; };
		49D3DB26238F1345006D9740 /* ViewController.swift in Sources */ = {isa = PBXBuildFile; fileRef = 49D3DB25238F1345006D9740 /* ViewController.swift */; };
		49D3DB29238F1345006D9740 /* Main.storyboard in Resources */ = {isa = PBXBuildFile; fileRef = 49D3DB27238F1345006D9740 /* Main.storyboard */; };
		49D3DB2B238F1346006D9740 /* Assets.xcassets in Resources */ = {isa = PBXBuildFile; fileRef = 49D3DB2A238F1346006D9740 /* Assets.xcassets */; };
		49D3DB2E238F1346006D9740 /* LaunchScreen.storyboard in Resources */ = {isa = PBXBuildFile; fileRef = 49D3DB2C238F1346006D9740 /* LaunchScreen.storyboard */; };
		49D3DB39238F1346006D9740 /* App_1Tests.swift in Sources */ = {isa = PBXBuildFile; fileRef = 49D3DB38238F1346006D9740 /* App_1Tests.swift */; };
		49D3DB44238F1346006D9740 /* App_1UITests.swift in Sources */ = {isa = PBXBuildFile; fileRef = 49D3DB43238F1346006D9740 /* App_1UITests.swift */; };
/* End PBXBuildFile section */

/* Begin PBXContainerItemProxy section */
		49D3DB35238F1346006D9740 /* PBXContainerItemProxy */ = {
			isa = PBXContainerItemProxy;
			containerPortal = 49D3DB16238F1344006D9740 /* Project object */;
			proxyType = 1;
			remoteGlobalIDString = 49D3DB1D238F1345006D9740;
			remoteInfo = "App-1";
		};
		49D3DB40238F1346006D9740 /* PBXContainerItemProxy */ = {
			isa = PBXContainerItemProxy;
			containerPortal = 49D3DB16238F1344006D9740 /* Project object */;
			proxyType = 1;
			remoteGlobalIDString = 49D3DB1D238F1345006D9740;
			remoteInfo = "App-1";
		};
/* End PBXContainerItemProxy section */

/* Begin PBXFileReference section */
		49D3DB1E238F1345006D9740 /* App-1.app */ = {isa = PBXFileReference; explicitFileType = wrapper.application; includeInIndex = 0; path = "App-1.app"; sourceTree = BUILT_PRODUCTS_DIR; };
		49D3DB21238F1345006D9740 /* AppDelegate.swift */ = {isa = PBXFileReference; lastKnownFileType = sourcecode.swift; path = AppDelegate.swift; sourceTree = "<group>"; };
		49D3DB23238F1345006D9740 /* SceneDelegate.swift */ = {isa = PBXFileReference; lastKnownFileType = sourcecode.swift; path = SceneDelegate.swift; sourceTree = "<group>"; };
		49D3DB25238F1345006D9740 /* ViewController.swift */ = {isa = PBXFileReference; lastKnownFileType = sourcecode.swift; path = ViewController.swift; sourceTree = "<group>"; };
		49D3DB28238F1345006D9740 /* Base */ = {isa = PBXFileReference; lastKnownFileType = file.storyboard; name = Base; path = Base.lproj/Main.storyboard; sourceTree = "<group>"; };
		49D3DB2A238F1346006D9740 /* Assets.xcassets */ = {isa = PBXFileReference; lastKnownFileType = folder.assetcatalog; path = Assets.xcassets; sourceTree = "<group>"; };
		49D3DB2D238F1346006D9740 /* Base */ = {isa = PBXFileReference; lastKnownFileType = file.storyboard; name = Base; path = Base.lproj/LaunchScreen.storyboard; sourceTree = "<group>"; };
		49D3DB2F238F1346006D9740 /* Info.plist */ = {isa = PBXFileReference; lastKnownFileType = text.plist.xml; path = Info.plist; sourceTree = "<group>"; };
		49D3DB34238F1346006D9740 /* App-1Tests.xctest */ = {isa = PBXFileReference; explicitFileType = wrapper.cfbundle; includeInIndex = 0; path = "App-1Tests.xctest"; sourceTree = BUILT_PRODUCTS_DIR; };
		49D3DB38238F1346006D9740 /* App_1Tests.swift */ = {isa = PBXFileReference; lastKnownFileType = sourcecode.swift; path = App_1Tests.swift; sourceTree = "<group>"; };
		49D3DB3A238F1346006D9740 /* Info.plist */ = {isa = PBXFileReference; lastKnownFileType = text.plist.xml; path = Info.plist; sourceTree = "<group>"; };
		49D3DB3F238F1346006D9740 /* App-1UITests.xctest */ = {isa = PBXFileReference; explicitFileType = wrapper.cfbundle; includeInIndex = 0; path = "App-1UITests.xctest"; sourceTree = BUILT_PRODUCTS_DIR; };
		49D3DB43238F1346006D9740 /* App_1UITests.swift */ = {isa = PBXFileReference; lastKnownFileType = sourcecode.swift; path = App_1UITests.swift; sourceTree = "<group>"; };
		49D3DB45238F1346006D9740 /* Info.plist */ = {isa = PBXFileReference; lastKnownFileType = text.plist.xml; path = Info.plist; sourceTree = "<group>"; };
/* End PBXFileReference section */

/* Begin PBXFrameworksBuildPhase section */
		49D3DB1B238F1345006D9740 /* Frameworks */ = {
			isa = PBXFrameworksBuildPhase;
			buildActionMask = 2147483647;
			files = (
			);
			runOnlyForDeploymentPostprocessing = 0;
		};
		49D3DB31238F1346006D9740 /* Frameworks */ = {
			isa = PBXFrameworksBuildPhase;
			buildActionMask = 2147483647;
			files = (
			);
			runOnlyForDeploymentPostprocessing = 0;
		};
		49D3DB3C238F1346006D9740 /* Frameworks */ = {
			isa = PBXFrameworksBuildPhase;
			buildActionMask = 2147483647;
			files = (
			);
			runOnlyForDeploymentPostprocessing = 0;
		};
/* End PBXFrameworksBuildPhase section */

/* Begin PBXGroup section */
		49D3DB15238F1344006D9740 = {
			isa = PBXGroup;
			children = (
				49D3DB20238F1345006D9740 /* App-1 */,
				49D3DB37238F1346006D9740 /* App-1Tests */,
				49D3DB42238F1346006D9740 /* App-1UITests */,
				49D3DB1F238F1345006D9740 /* Products */,
			);
			sourceTree = "<group>";
		};
		49D3DB1F238F1345006D9740 /* Products */ = {
			isa = PBXGroup;
			children = (
				49D3DB1E238F1345006D9740 /* App-1.app */,
				49D3DB34238F1346006D9740 /* App-1Tests.xctest */,
				49D3DB3F238F1346006D9740 /* App-1UITests.xctest */,
			);
			name = Products;
			sourceTree = "<group>";
		};
		49D3DB20238F1345006D9740 /* App-1 */ = {
			isa = PBXGroup;
			children = (
				49D3DB21238F1345006D9740 /* AppDelegate.swift */,
				49D3DB23238F1345006D9740 /* SceneDelegate.swift */,
				49D3DB25238F1345006D9740 /* ViewController.swift */,
				49D3DB27238F1345006D9740 /* Main.storyboard */,
				49D3DB2A238F1346006D9740 /* Assets.xcassets */,
				49D3DB2C238F1346006D9740 /* LaunchScreen.storyboard */,
				49D3DB2F238F1346006D9740 /* Info.plist */,
			);
			path = "App-1";
			sourceTree = "<group>";
		};
		49D3DB37238F1346006D9740 /* App-1Tests */ = {
			isa = PBXGroup;
			children = (
				49D3DB38238F1346006D9740 /* App_1Tests.swift */,
				49D3DB3A238F1346006D9740 /* Info.plist */,
			);
			path = "App-1Tests";
			sourceTree = "<group>";
		};
		49D3DB42238F1346006D9740 /* App-1UITests */ = {
			isa = PBXGroup;
			children = (
				49D3DB43238F1346006D9740 /* App_1UITests.swift */,
				49D3DB45238F1346006D9740 /* Info.plist */,
			);
			path = "App-1UITests";
			sourceTree = "<group>";
		};
/* End PBXGroup section */

/* Begin PBXNativeTarget section */
		49D3DB1D238F1345006D9740 /* App-1 */ = {
			isa = PBXNativeTarget;
			buildConfigurationList = 49D3DB48238F1346006D9740 /* Build configuration list for PBXNativeTarget "App-1" */;
			buildPhases = (
				49D3DB1A238F1345006D9740 /* Sources */,
				49D3DB1B238F1345006D9740 /* Frameworks */,
				49D3DB1C238F1345006D9740 /* Resources */,
			);
			buildRules = (
			);
			dependencies = (
			);
			name = "App-1";
			productName = "App-1";
			productReference = 49D3DB1E238F1345006D9740 /* App-1.app */;
			productType = "com.apple.product-type.application";
		};
		49D3DB33238F1346006D9740 /* App-1Tests */ = {
			isa = PBXNativeTarget;
			buildConfigurationList = 49D3DB4B238F1346006D9740 /* Build configuration list for PBXNativeTarget "App-1Tests" */;
			buildPhases = (
				49D3DB30238F1346006D9740 /* Sources */,
				49D3DB31238F1346006D9740 /* Frameworks */,
				49D3DB32238F1346006D9740 /* Resources */,
			);
			buildRules = (
			);
			dependencies = (
				49D3DB36238F1346006D9740 /* PBXTargetDependency */,
			);
			name = "App-1Tests";
			productName = "App-1Tests";
			productReference = 49D3DB34238F1346006D9740 /* App-1Tests.xctest */;
			productType = "com.apple.product-type.bundle.unit-test";
		};
		49D3DB3E238F1346006D9740 /* App-1UITests */ = {
			isa = PBXNativeTarget;
			buildConfigurationList = 49D3DB4E238F1346006D9740 /* Build configuration list for PBXNativeTarget "App-1UITests" */;
			buildPhases = (
				49D3DB3B238F1346006D9740 /* Sources */,
				49D3DB3C238F1346006D9740 /* Frameworks */,
				49D3DB3D238F1346006D9740 /* Resources */,
			);
			buildRules = (
			);
			dependencies = (
				49D3DB41238F1346006D9740 /* PBXTargetDependency */,
			);
			name = "App-1UITests";
			productName = "App-1UITests";
			productReference = 49D3DB3F238F1346006D9740 /* App-1UITests.xctest */;
			productType = "com.apple.product-type.bundle.ui-testing";
		};
/* End PBXNativeTarget section */

/* Begin PBXProject section */
		49D3DB16238F1344006D9740 /* Project object */ = {
			isa = PBXProject;
			attributes = {
				LastSwiftUpdateCheck = 1120;
				LastUpgradeCheck = 1120;
				ORGANIZATIONNAME = Luzcode;
				TargetAttributes = {
					49D3DB1D238F1345006D9740 = {
						CreatedOnToolsVersion = 11.2.1;
					};
					49D3DB33238F1346006D9740 = {
						CreatedOnToolsVersion = 11.2.1;
						TestTargetID = 49D3DB1D238F1345006D9740;
					};
					49D3DB3E238F1346006D9740 = {
						CreatedOnToolsVersion = 11.2.1;
						TestTargetID = 49D3DB1D238F1345006D9740;
					};
				};
			};
			buildConfigurationList = 49D3DB19238F1344006D9740 /* Build configuration list for PBXProject "App-1" */;
			compatibilityVersion = "Xcode 9.3";
			developmentRegion = en;
			hasScannedForEncodings = 0;
			knownRegions = (
				en,
				Base,
			);
			mainGroup = 49D3DB15238F1344006D9740;
			productRefGroup = 49D3DB1F238F1345006D9740 /* Products */;
			projectDirPath = "";
			projectRoot = "";
			targets = (
				49D3DB1D238F1345006D9740 /* App-1 */,
				49D3DB33238F1346006D9740 /* App-1Tests */,
				49D3DB3E238F1346006D9740 /* App-1UITests */,
			);
		};
/* End PBXProject section */

/* Begin PBXResourcesBuildPhase section */
		49D3DB1C238F1345006D9740 /* Resources */ = {
			isa = PBXResourcesBuildPhase;
			buildActionMask = 2147483647;
			files = (
				49D3DB2E238F1346006D9740 /* LaunchScreen.storyboard in Resources */,
				49D3DB2B238F1346006D9740 /* Assets.xcassets in Resources */,
				49D3DB29238F1345006D9740 /* Main.storyboard in Resources */,
			);
			runOnlyForDeploymentPostprocessing = 0;
		};
		49D3DB32238F1346006D9740 /* Resources */ = {
			isa = PBXResourcesBuildPhase;
			buildActionMask = 2147483647;
			files = (
			);
			runOnlyForDeploymentPostprocessing = 0;
		};
		49D3DB3D238F1346006D9740 /* Resources */ = {
			isa = PBXResourcesBuildPhase;
			buildActionMask = 2147483647;
			files = (
			);
			runOnlyForDeploymentPostprocessing = 0;
		};
/* End PBXResourcesBuildPhase section */

/* Begin PBXSourcesBuildPhase section */
		49D3DB1A238F1345006D9740 /* Sources */ = {
			isa = PBXSourcesBuildPhase;
			buildActionMask = 2147483647;
			files = (
				49D3DB26238F1345006D9740 /* ViewController.swift in Sources */,
				49D3DB22238F1345006D9740 /* AppDelegate.swift in Sources */,
				49D3DB24238F1345006D9740 /* SceneDelegate.swift in Sources */,
			);
			runOnlyForDeploymentPostprocessing = 0;
		};
		49D3DB30238F1346006D9740 /* Sources */ = {
			isa = PBXSourcesBuildPhase;
			buildActionMask = 2147483647;
			files = (
				49D3DB39238F1346006D9740 /* App_1Tests.swift in Sources */,
			);
			runOnlyForDeploymentPostprocessing = 0;
		};
		49D3DB3B238F1346006D9740 /* Sources */ = {
			isa = PBXSourcesBuildPhase;
			buildActionMask = 2147483647;
			files = (
				49D3DB44238F1346006D9740 /* App_1UITests.swift in Sources */,
			);
			runOnlyForDeploymentPostprocessing = 0;
		};
/* End PBXSourcesBuildPhase section */

/* Begin PBXTargetDependency section */
		49D3DB36238F1346006D9740 /* PBXTargetDependency */ = {
			isa = PBXTargetDependency;
			target = 49D3DB1D238F1345006D9740 /* App-1 */;
			targetProxy = 49D3DB35238F1346006D9740 /* PBXContainerItemProxy */;
		};
		49D3DB41238F1346006D9740 /* PBXTargetDependency */ = {
			isa = PBXTargetDependency;
			target = 49D3DB1D238F1345006D9740 /* App-1 */;
			targetProxy = 49D3DB40238F1346006D9740 /* PBXContainerItemProxy */;
		};
/* End PBXTargetDependency section */

/* Begin PBXVariantGroup section */
		49D3DB27238F1345006D9740 /* Main.storyboard */ = {
			isa = PBXVariantGroup;
			children = (
				49D3DB28238F1345006D9740 /* Base */,
			);
			name = Main.storyboard;
			sourceTree = "<group>";
		};
		49D3DB2C238F1346006D9740 /* LaunchScreen.storyboard */ = {
			isa = PBXVariantGroup;
			children = (
				49D3DB2D238F1346006D9740 /* Base */,
			);
			name = LaunchScreen.storyboard;
			sourceTree = "<group>";
		};
/* End PBXVariantGroup section */

/* Begin XCBuildConfiguration section */
		49D3DB46238F1346006D9740 /* Debug */ = {
			isa = XCBuildConfiguration;
			buildSettings = {
				ALWAYS_SEARCH_USER_PATHS = NO;
				CLANG_ANALYZER_NONNULL = YES;
				CLANG_ANALYZER_NUMBER_OBJECT_CONVERSION = YES_AGGRESSIVE;
				CLANG_CXX_LANGUAGE_STANDARD = "gnu++14";
				CLANG_CXX_LIBRARY = "libc++";
				CLANG_ENABLE_MODULES = YES;
				CLANG_ENABLE_OBJC_ARC = YES;
				CLANG_ENABLE_OBJC_WEAK = YES;
				CLANG_WARN_BLOCK_CAPTURE_AUTORELEASING = YES;
				CLANG_WARN_BOOL_CONVERSION = YES;
				CLANG_WARN_COMMA = YES;
				CLANG_WARN_CONSTANT_CONVERSION = YES;
				CLANG_WARN_DEPRECATED_OBJC_IMPLEMENTATIONS = YES;
				CLANG_WARN_DIRECT_OBJC_ISA_USAGE = YES_ERROR;
				CLANG_WARN_DOCUMENTATION_COMMENTS = YES;
				CLANG_WARN_EMPTY_BODY = YES;
				CLANG_WARN_ENUM_CONVERSION = YES;
				CLANG_WARN_INFINITE_RECURSION = YES;
				CLANG_WARN_INT_CONVERSION = YES;
				CLANG_WARN_NON_LITERAL_NULL_CONVERSION = YES;
				CLANG_WARN_OBJC_IMPLICIT_RETAIN_SELF = YES;
				CLANG_WARN_OBJC_LITERAL_CONVERSION = YES;
				CLANG_WARN_OBJC_ROOT_CLASS = YES_ERROR;
				CLANG_WARN_RANGE_LOOP_ANALYSIS = YES;
				CLANG_WARN_STRICT_PROTOTYPES = YES;
				CLANG_WARN_SUSPICIOUS_MOVE = YES;
				CLANG_WARN_UNGUARDED_AVAILABILITY = YES_AGGRESSIVE;
				CLANG_WARN_UNREACHABLE_CODE = YES;
				CLANG_WARN__DUPLICATE_METHOD_MATCH = YES;
				COPY_PHASE_STRIP = NO;
				DEBUG_INFORMATION_FORMAT = dwarf;
				ENABLE_STRICT_OBJC_MSGSEND = YES;
				ENABLE_TESTABILITY = YES;
				GCC_C_LANGUAGE_STANDARD = gnu11;
				GCC_DYNAMIC_NO_PIC = NO;
				GCC_NO_COMMON_BLOCKS = YES;
				GCC_OPTIMIZATION_LEVEL = 0;
				GCC_PREPROCESSOR_DEFINITIONS = (
					"DEBUG=1",
					"$(inherited)",
				);
				GCC_WARN_64_TO_32_BIT_CONVERSION = YES;
				GCC_WARN_ABOUT_RETURN_TYPE = YES_ERROR;
				GCC_WARN_UNDECLARED_SELECTOR = YES;
				GCC_WARN_UNINITIALIZED_AUTOS = YES_AGGRESSIVE;
				GCC_WARN_UNUSED_FUNCTION = YES;
				GCC_WARN_UNUSED_VARIABLE = YES;
				IPHONEOS_DEPLOYMENT_TARGET = 13.2;
				MTL_ENABLE_DEBUG_INFO = INCLUDE_SOURCE;
				MTL_FAST_MATH = YES;
				ONLY_ACTIVE_ARCH = YES;
				SDKROOT = iphoneos;
				SWIFT_ACTIVE_COMPILATION_CONDITIONS = DEBUG;
				SWIFT_OPTIMIZATION_LEVEL = "-Onone";
			};
			name = Debug;
		};
		49D3DB47238F1346006D9740 /* Release */ = {
			isa = XCBuildConfiguration;
			buildSettings = {
				ALWAYS_SEARCH_USER_PATHS = NO;
				CLANG_ANALYZER_NONNULL = YES;
				CLANG_ANALYZER_NUMBER_OBJECT_CONVERSION = YES_AGGRESSIVE;
				CLANG_CXX_LANGUAGE_STANDARD = "gnu++14";
				CLANG_CXX_LIBRARY = "libc++";
				CLANG_ENABLE_MODULES = YES;
				CLANG_ENABLE_OBJC_ARC = YES;
				CLANG_ENABLE_OBJC_WEAK = YES;
				CLANG_WARN_BLOCK_CAPTURE_AUTORELEASING = YES;
				CLANG_WARN_BOOL_CONVERSION = YES;
				CLANG_WARN_COMMA = YES;
				CLANG_WARN_CONSTANT_CONVERSION = YES;
				CLANG_WARN_DEPRECATED_OBJC_IMPLEMENTATIONS = YES;
				CLANG_WARN_DIRECT_OBJC_ISA_USAGE = YES_ERROR;
				CLANG_WARN_DOCUMENTATION_COMMENTS = YES;
				CLANG_WARN_EMPTY_BODY = YES;
				CLANG_WARN_ENUM_CONVERSION = YES;
				CLANG_WARN_INFINITE_RECURSION = YES;
				CLANG_WARN_INT_CONVERSION = YES;
				CLANG_WARN_NON_LITERAL_NULL_CONVERSION = YES;
				CLANG_WARN_OBJC_IMPLICIT_RETAIN_SELF = YES;
				CLANG_WARN_OBJC_LITERAL_CONVERSION = YES;
				CLANG_WARN_OBJC_ROOT_CLASS = YES_ERROR;
				CLANG_WARN_RANGE_LOOP_ANALYSIS = YES;
				CLANG_WARN_STRICT_PROTOTYPES = YES;
				CLANG_WARN_SUSPICIOUS_MOVE = YES;
				CLANG_WARN_UNGUARDED_AVAILABILITY = YES_AGGRESSIVE;
				CLANG_WARN_UNREACHABLE_CODE = YES;
				CLANG_WARN__DUPLICATE_METHOD_MATCH = YES;
				COPY_PHASE_STRIP = NO;
				DEBUG_INFORMATION_FORMAT = "dwarf-with-dsym";
				ENABLE_NS_ASSERTIONS = NO;
				ENABLE_STRICT_OBJC_MSGSEND = YES;
				GCC_C_LANGUAGE_STANDARD = gnu11;
				GCC_NO_COMMON_BLOCKS = YES;
				GCC_WARN_64_TO_32_BIT_CONVERSION = YES;
				GCC_WARN_ABOUT_RETURN_TYPE = YES_ERROR;
				GCC_WARN_UNDECLARED_SELECTOR = YES;
				GCC_WARN_UNINITIALIZED_AUTOS = YES_AGGRESSIVE;
				GCC_WARN_UNUSED_FUNCTION = YES;
				GCC_WARN_UNUSED_VARIABLE = YES;
				IPHONEOS_DEPLOYMENT_TARGET = 13.2;
				MTL_ENABLE_DEBUG_INFO = NO;
				MTL_FAST_MATH = YES;
				SDKROOT = iphoneos;
				SWIFT_COMPILATION_MODE = wholemodule;
				SWIFT_OPTIMIZATION_LEVEL = "-O";
				VALIDATE_PRODUCT = YES;
			};
			name = Release;
		};
		49D3DB49238F1346006D9740 /* Debug */ = {
			isa = XCBuildConfiguration;
			buildSettings = {
				ASSETCATALOG_COMPILER_APPICON_NAME = AppIcon;
				CODE_SIGN_STYLE = Automatic;
				INFOPLIST_FILE = "App-1/Info.plist";
				LD_RUNPATH_SEARCH_PATHS = (
					"$(inherited)",
					"@executable_path/Frameworks",
				);
				PRODUCT_BUNDLE_IDENTIFIER = "com.luzcode.App-1";
				PRODUCT_NAME = "$(TARGET_NAME)";
				SWIFT_VERSION = 5.0;
				TARGETED_DEVICE_FAMILY = "1,2";
			};
			name = Debug;
		};
		49D3DB4A238F1346006D9740 /* Release */ = {
			isa = XCBuildConfiguration;
			buildSettings = {
				ASSETCATALOG_COMPILER_APPICON_NAME = AppIcon;
				CODE_SIGN_STYLE = Automatic;
				INFOPLIST_FILE = "App-1/Info.plist";
				LD_RUNPATH_SEARCH_PATHS = (
					"$(inherited)",
					"@executable_path/Frameworks",
				);
				PRODUCT_BUNDLE_IDENTIFIER = "com.luzcode.App-1";
				PRODUCT_NAME = "$(TARGET_NAME)";
				SWIFT_VERSION = 5.0;
				TARGETED_DEVICE_FAMILY = "1,2";
			};
			name = Release;
		};
		49D3DB4C238F1346006D9740 /* Debug */ = {
			isa = XCBuildConfiguration;
			buildSettings = {
				ALWAYS_EMBED_SWIFT_STANDARD_LIBRARIES = YES;
				BUNDLE_LOADER = "$(TEST_HOST)";
				CODE_SIGN_STYLE = Automatic;
				INFOPLIST_FILE = "App-1Tests/Info.plist";
				IPHONEOS_DEPLOYMENT_TARGET = 13.2;
				LD_RUNPATH_SEARCH_PATHS = (
					"$(inherited)",
					"@executable_path/Frameworks",
					"@loader_path/Frameworks",
				);
				PRODUCT_BUNDLE_IDENTIFIER = "com.luzcode.App-1Tests";
				PRODUCT_NAME = "$(TARGET_NAME)";
				SWIFT_VERSION = 5.0;
				TARGETED_DEVICE_FAMILY = "1,2";
				TEST_HOST = "$(BUILT_PRODUCTS_DIR)/App-1.app/App-1";
			};
			name = Debug;
		};
		49D3DB4D238F1346006D9740 /* Release */ = {
			isa = XCBuildConfiguration;
			buildSettings = {
				ALWAYS_EMBED_SWIFT_STANDARD_LIBRARIES = YES;
				BUNDLE_LOADER = "$(TEST_HOST)";
				CODE_SIGN_STYLE = Automatic;
				INFOPLIST_FILE = "App-1Tests/Info.plist";
				IPHONEOS_DEPLOYMENT_TARGET = 13.2;
				LD_RUNPATH_SEARCH_PATHS = (
					"$(inherited)",
					"@executable_path/Frameworks",
					"@loader_path/Frameworks",
				);
				PRODUCT_BUNDLE_IDENTIFIER = "com.luzcode.App-1Tests";
				PRODUCT_NAME = "$(TARGET_NAME)";
				SWIFT_VERSION = 5.0;
				TARGETED_DEVICE_FAMILY = "1,2";
				TEST_HOST = "$(BUILT_PRODUCTS_DIR)/App-1.app/App-1";
			};
			name = Release;
		};
		49D3DB4F238F1346006D9740 /* Debug */ = {
			isa = XCBuildConfiguration;
			buildSettings = {
				ALWAYS_EMBED_SWIFT_STANDARD_LIBRARIES = YES;
				CODE_SIGN_STYLE = Automatic;
				INFOPLIST_FILE = "App-1UITests/Info.plist";
				LD_RUNPATH_SEARCH_PATHS = (
					"$(inherited)",
					"@executable_path/Frameworks",
					"@loader_path/Frameworks",
				);
				PRODUCT_BUNDLE_IDENTIFIER = "com.luzcode.App-1UITests";
				PRODUCT_NAME = "$(TARGET_NAME)";
				SWIFT_VERSION = 5.0;
				TARGETED_DEVICE_FAMILY = "1,2";
				TEST_TARGET_NAME = "App-1";
			};
			name = Debug;
		};
		49D3DB50238F1346006D9740 /* Release */ = {
			isa = XCBuildConfiguration;
			buildSettings = {
				ALWAYS_EMBED_SWIFT_STANDARD_LIBRARIES = YES;
				CODE_SIGN_STYLE = Automatic;
				INFOPLIST_FILE = "App-1UITests/Info.plist";
				LD_RUNPATH_SEARCH_PATHS = (
					"$(inherited)",
					"@executable_path/Frameworks",
					"@loader_path/Frameworks",
				);
				PRODUCT_BUNDLE_IDENTIFIER = "com.luzcode.App-1UITests";
				PRODUCT_NAME = "$(TARGET_NAME)";
				SWIFT_VERSION = 5.0;
				TARGETED_DEVICE_FAMILY = "1,2";
				TEST_TARGET_NAME = "App-1";
			};
			name = Release;
		};
/* End XCBuildConfiguration section */

/* Begin XCConfigurationList section */
		49D3DB19238F1344006D9740 /* Build configuration list for PBXProject "App-1" */ = {
			isa = XCConfigurationList;
			buildConfigurations = (
				49D3DB46238F1346006D9740 /* Debug */,
				49D3DB47238F1346006D9740 /* Release */,
			);
			defaultConfigurationIsVisible = 0;
			defaultConfigurationName = Release;
		};
		49D3DB48238F1346006D9740 /* Build configuration list for PBXNativeTarget "App-1" */ = {
			isa = XCConfigurationList;
			buildConfigurations = (
				49D3DB49238F1346006D9740 /* Debug */,
				49D3DB4A238F1346006D9740 /* Release */,
			);
			defaultConfigurationIsVisible = 0;
			defaultConfigurationName = Release;
		};
		49D3DB4B238F1346006D9740 /* Build configuration list for PBXNativeTarget "App-1Tests" */ = {
			isa = XCConfigurationList;
			buildConfigurations = (
				49D3DB4C238F1346006D9740 /* Debug */,
				49D3DB4D238F1346006D9740 /* Release */,
			);
			defaultConfigurationIsVisible = 0;
			defaultConfigurationName = Release;
		};
		49D3DB4E238F1346006D9740 /* Build configuration list for PBXNativeTarget "App-1UITests" */ = {
			isa = XCConfigurationList;
			buildConfigurations = (
				49D3DB4F238F1346006D9740 /* Debug */,
				49D3DB50238F1346006D9740 /* Release */,
			);
			defaultConfigurationIsVisible = 0;
			defaultConfigurationName = Release;
		};
/* End XCConfigurationList section */
	};
	rootObject = 49D3DB16238F1344006D9740 /* Project object */;
}
